{
  "version": 4,
  "terraform_version": "1.8.2",
  "serial": 1,
  "lineage": "bb58be73-e485-e4bf-4f26-af86a646c001",
  "outputs": {},
  "resources": [
    {
      "mode": "managed",
      "type": "spotify_playlist",
      "name": "Bollywood",
      "provider": "provider[\"registry.terraform.io/conradludgate/spotify\"]",
      "instances": [
        {
          "schema_version": 0,
          "attributes": {
            "description": null,
            "id": "0htvq0w5ocCQ4KQlWIwoeH",
            "name": "Bollywood",
            "public": true,
            "snapshot_id": "AAAAAvn0uEk2VOGs8cT/pjWR/P6eRcb2",
            "tracks": [
              "131yybV7A3TmC34a0qE8u8"
            ]
          },
          "sensitive_attributes": [],
          "private": "bnVsbA=="
        }
      ]
    }
  ],
  "check_results": null
}
